
Microsoft Visual Studio Solution File, Format Version 12.00
# Visual Studio Version 17
VisualStudioVersion = 17.0.31903.59
MinimumVisualStudioVersion = 10.0.40219.1
Project("{2150E333-8FDC-42A3-9474-1A3956D46DE8}") = "src", "src", "{062124C7-C008-4B89-897C-C0DC90F54928}"
EndProject
Project("{2150E333-8FDC-42A3-9474-1A3956D46DE8}") = "Gateway", "Gateway", "{F7C9B226-0463-49EC-8FA4-24FA3A796A6B}"
EndProject
Project("{FAE04EC0-301F-11D3-BF4B-00C04F79EFBC}") = "BFF.Gateway", "src\Gateway\BFF.Gateway\BFF.Gateway.csproj", "{A930E2EF-4F6D-4886-A963-9200F789E949}"
EndProject
Project("{2150E333-8FDC-42A3-9474-1A3956D46DE8}") = "Services", "Services", "{4562E40C-9F07-4AA5-8323-E432EC3FBFA3}"
EndProject
Project("{FAE04EC0-301F-11D3-BF4B-00C04F79EFBC}") = "Playground.WeatherService", "src\Services\Playground.WeatherService\Playground.WeatherService.csproj", "{5F29352D-104A-41D4-8F47-7C11CCA5EB69}"
EndProject
Project("{2150E333-8FDC-42A3-9474-1A3956D46DE8}") = "Documentation", "Documentation", "{1DB1F52E-2AAF-4F32-A543-A3EE4078281F}"
EndProject
Project("{FAE04EC0-301F-11D3-BF4B-00C04F79EFBC}") = "ERP.IdentityService", "src\Services\ERP.IdentityService\ERP.IdentityService.csproj", "{21831299-C3AB-4FFB-831D-0655B5934626}"
EndProject
Project("{2150E333-8FDC-42A3-9474-1A3956D46DE8}") = "Contracts", "Contracts", "{33B66DDE-0571-4591-A9DA-D8DE8321AB25}"
EndProject
Project("{FAE04EC0-301F-11D3-BF4B-00C04F79EFBC}") = "ERP.Contracts", "src\Contracts\ERP.Contracts\ERP.Contracts.csproj", "{BFD37579-AE6E-445A-A29C-CAAB71FDC7B4}"
EndProject
Project("{FAE04EC0-301F-11D3-BF4B-00C04F79EFBC}") = "Scalar.Documentation", "src\Documentation\Scalar.Documentation\Scalar.Documentation.csproj", "{3F141B02-7C18-4A66-8A65-2F4CC925A14F}"
EndProject
Global
	GlobalSection(SolutionConfigurationPlatforms) = preSolution
		Debug|Any CPU = Debug|Any CPU
		Release|Any CPU = Release|Any CPU
	EndGlobalSection
	GlobalSection(SolutionProperties) = preSolution
		HideSolutionNode = FALSE
	EndGlobalSection
	GlobalSection(ProjectConfigurationPlatforms) = postSolution
		{A930E2EF-4F6D-4886-A963-9200F789E949}.Debug|Any CPU.ActiveCfg = Debug|Any CPU
		{A930E2EF-4F6D-4886-A963-9200F789E949}.Debug|Any CPU.Build.0 = Debug|Any CPU
		{A930E2EF-4F6D-4886-A963-9200F789E949}.Release|Any CPU.ActiveCfg = Release|Any CPU
		{A930E2EF-4F6D-4886-A963-9200F789E949}.Release|Any CPU.Build.0 = Release|Any CPU
		{5F29352D-104A-41D4-8F47-7C11CCA5EB69}.Debug|Any CPU.ActiveCfg = Debug|Any CPU
		{5F29352D-104A-41D4-8F47-7C11CCA5EB69}.Debug|Any CPU.Build.0 = Debug|Any CPU
		{5F29352D-104A-41D4-8F47-7C11CCA5EB69}.Release|Any CPU.ActiveCfg = Release|Any CPU
		{5F29352D-104A-41D4-8F47-7C11CCA5EB69}.Release|Any CPU.Build.0 = Release|Any CPU
		{21831299-C3AB-4FFB-831D-0655B5934626}.Debug|Any CPU.ActiveCfg = Debug|Any CPU
		{21831299-C3AB-4FFB-831D-0655B5934626}.Debug|Any CPU.Build.0 = Debug|Any CPU
		{21831299-C3AB-4FFB-831D-0655B5934626}.Release|Any CPU.ActiveCfg = Release|Any CPU
		{21831299-C3AB-4FFB-831D-0655B5934626}.Release|Any CPU.Build.0 = Release|Any CPU
		{BFD37579-AE6E-445A-A29C-CAAB71FDC7B4}.Debug|Any CPU.ActiveCfg = Debug|Any CPU
		{BFD37579-AE6E-445A-A29C-CAAB71FDC7B4}.Debug|Any CPU.Build.0 = Debug|Any CPU
		{BFD37579-AE6E-445A-A29C-CAAB71FDC7B4}.Release|Any CPU.ActiveCfg = Release|Any CPU
		{BFD37579-AE6E-445A-A29C-CAAB71FDC7B4}.Release|Any CPU.Build.0 = Release|Any CPU
		{3F141B02-7C18-4A66-8A65-2F4CC925A14F}.Debug|Any CPU.ActiveCfg = Debug|Any CPU
		{3F141B02-7C18-4A66-8A65-2F4CC925A14F}.Debug|Any CPU.Build.0 = Debug|Any CPU
		{3F141B02-7C18-4A66-8A65-2F4CC925A14F}.Release|Any CPU.ActiveCfg = Release|Any CPU
		{3F141B02-7C18-4A66-8A65-2F4CC925A14F}.Release|Any CPU.Build.0 = Release|Any CPU
	EndGlobalSection
	GlobalSection(NestedProjects) = preSolution
		{F7C9B226-0463-49EC-8FA4-24FA3A796A6B} = {062124C7-C008-4B89-897C-C0DC90F54928}
		{A930E2EF-4F6D-4886-A963-9200F789E949} = {F7C9B226-0463-49EC-8FA4-24FA3A796A6B}
		{4562E40C-9F07-4AA5-8323-E432EC3FBFA3} = {062124C7-C008-4B89-897C-C0DC90F54928}
		{5F29352D-104A-41D4-8F47-7C11CCA5EB69} = {4562E40C-9F07-4AA5-8323-E432EC3FBFA3}
		{1DB1F52E-2AAF-4F32-A543-A3EE4078281F} = {062124C7-C008-4B89-897C-C0DC90F54928}
		{21831299-C3AB-4FFB-831D-0655B5934626} = {4562E40C-9F07-4AA5-8323-E432EC3FBFA3}
		{33B66DDE-0571-4591-A9DA-D8DE8321AB25} = {062124C7-C008-4B89-897C-C0DC90F54928}
		{BFD37579-AE6E-445A-A29C-CAAB71FDC7B4} = {33B66DDE-0571-4591-A9DA-D8DE8321AB25}
		{3F141B02-7C18-4A66-8A65-2F4CC925A14F} = {1DB1F52E-2AAF-4F32-A543-A3EE4078281F}
	EndGlobalSection
EndGlobal
