
Microsoft Visual Studio Solution File, Format Version 12.00
# Visual Studio Version 17
VisualStudioVersion = 17.0.31903.59
MinimumVisualStudioVersion = 10.0.40219.1
Project("{2150E333-8FDC-42A3-9474-1A3956D46DE8}") = "src", "src", "{062124C7-C008-4B89-897C-C0DC90F54928}"
EndProject
Project("{2150E333-8FDC-42A3-9474-1A3956D46DE8}") = "Gateway", "Gateway", "{F7C9B226-0463-49EC-8FA4-24FA3A796A6B}"
EndProject
Project("{FAE04EC0-301F-11D3-BF4B-00C04F79EFBC}") = "BFF.Gateway", "src\Gateway\BFF.Gateway\BFF.Gateway.csproj", "{A930E2EF-4F6D-4886-A963-9200F789E949}"
EndProject
Project("{2150E333-8FDC-42A3-9474-1A3956D46DE8}") = "Services", "Services", "{4562E40C-9F07-4AA5-8323-E432EC3FBFA3}"
EndProject
Project("{FAE04EC0-301F-11D3-BF4B-00C04F79EFBC}") = "Playground.WeatherService", "src\Services\Playground.WeatherService\Playground.WeatherService.csproj", "{5F29352D-104A-41D4-8F47-7C11CCA5EB69}"
EndProject
Project("{2150E333-8FDC-42A3-9474-1A3956D46DE8}") = "Documentation", "Documentation", "{1DB1F52E-2AAF-4F32-A543-A3EE4078281F}"
EndProject
Project("{FAE04EC0-301F-11D3-BF4B-00C04F79EFBC}") = "Scalar.Documentation", "src\Documentation\Scalar.Documentation\Scalar.Documentation.csproj", "{9DC2D4A9-474F-4A30-B881-BE7D7C1D9876}"
EndProject
Project("{FAE04EC0-301F-11D3-BF4B-00C04F79EFBC}") = "ERP.OrderService", "src\Services\ERP.OrderService\ERP.OrderService.csproj", "{FAE4EA28-6356-440D-AECD-6E0CF932C5C6}"
EndProject
Project("{FAE04EC0-301F-11D3-BF4B-00C04F79EFBC}") = "ERP.InventoryService", "src\Services\ERP.InventoryService\ERP.InventoryService.csproj", "{E6778CD6-38A7-4730-BA8F-77777BDBA52E}"
EndProject
Project("{FAE04EC0-301F-11D3-BF4B-00C04F79EFBC}") = "ERP.CustomerService", "src\Services\ERP.CustomerService\ERP.CustomerService.csproj", "{B8B3542E-321B-413A-A428-7C3A2F6A6678}"
EndProject
Project("{FAE04EC0-301F-11D3-BF4B-00C04F79EFBC}") = "ERP.FinanceService", "src\Services\ERP.FinanceService\ERP.FinanceService.csproj", "{06279697-A903-4FBE-9DFD-C611AC4D9A5D}"
EndProject
Global
	GlobalSection(SolutionConfigurationPlatforms) = preSolution
		Debug|Any CPU = Debug|Any CPU
		Release|Any CPU = Release|Any CPU
	EndGlobalSection
	GlobalSection(SolutionProperties) = preSolution
		HideSolutionNode = FALSE
	EndGlobalSection
	GlobalSection(ProjectConfigurationPlatforms) = postSolution
		{A930E2EF-4F6D-4886-A963-9200F789E949}.Debug|Any CPU.ActiveCfg = Debug|Any CPU
		{A930E2EF-4F6D-4886-A963-9200F789E949}.Debug|Any CPU.Build.0 = Debug|Any CPU
		{A930E2EF-4F6D-4886-A963-9200F789E949}.Release|Any CPU.ActiveCfg = Release|Any CPU
		{A930E2EF-4F6D-4886-A963-9200F789E949}.Release|Any CPU.Build.0 = Release|Any CPU
		{5F29352D-104A-41D4-8F47-7C11CCA5EB69}.Debug|Any CPU.ActiveCfg = Debug|Any CPU
		{5F29352D-104A-41D4-8F47-7C11CCA5EB69}.Debug|Any CPU.Build.0 = Debug|Any CPU
		{5F29352D-104A-41D4-8F47-7C11CCA5EB69}.Release|Any CPU.ActiveCfg = Release|Any CPU
		{5F29352D-104A-41D4-8F47-7C11CCA5EB69}.Release|Any CPU.Build.0 = Release|Any CPU
		{9DC2D4A9-474F-4A30-B881-BE7D7C1D9876}.Debug|Any CPU.ActiveCfg = Debug|Any CPU
		{9DC2D4A9-474F-4A30-B881-BE7D7C1D9876}.Debug|Any CPU.Build.0 = Debug|Any CPU
		{9DC2D4A9-474F-4A30-B881-BE7D7C1D9876}.Release|Any CPU.ActiveCfg = Release|Any CPU
		{9DC2D4A9-474F-4A30-B881-BE7D7C1D9876}.Release|Any CPU.Build.0 = Release|Any CPU
		{FAE4EA28-6356-440D-AECD-6E0CF932C5C6}.Debug|Any CPU.ActiveCfg = Debug|Any CPU
		{FAE4EA28-6356-440D-AECD-6E0CF932C5C6}.Debug|Any CPU.Build.0 = Debug|Any CPU
		{FAE4EA28-6356-440D-AECD-6E0CF932C5C6}.Release|Any CPU.ActiveCfg = Release|Any CPU
		{FAE4EA28-6356-440D-AECD-6E0CF932C5C6}.Release|Any CPU.Build.0 = Release|Any CPU
		{E6778CD6-38A7-4730-BA8F-77777BDBA52E}.Debug|Any CPU.ActiveCfg = Debug|Any CPU
		{E6778CD6-38A7-4730-BA8F-77777BDBA52E}.Debug|Any CPU.Build.0 = Debug|Any CPU
		{E6778CD6-38A7-4730-BA8F-77777BDBA52E}.Release|Any CPU.ActiveCfg = Release|Any CPU
		{E6778CD6-38A7-4730-BA8F-77777BDBA52E}.Release|Any CPU.Build.0 = Release|Any CPU
		{B8B3542E-321B-413A-A428-7C3A2F6A6678}.Debug|Any CPU.ActiveCfg = Debug|Any CPU
		{B8B3542E-321B-413A-A428-7C3A2F6A6678}.Debug|Any CPU.Build.0 = Debug|Any CPU
		{B8B3542E-321B-413A-A428-7C3A2F6A6678}.Release|Any CPU.ActiveCfg = Release|Any CPU
		{B8B3542E-321B-413A-A428-7C3A2F6A6678}.Release|Any CPU.Build.0 = Release|Any CPU
		{06279697-A903-4FBE-9DFD-C611AC4D9A5D}.Debug|Any CPU.ActiveCfg = Debug|Any CPU
		{06279697-A903-4FBE-9DFD-C611AC4D9A5D}.Debug|Any CPU.Build.0 = Debug|Any CPU
		{06279697-A903-4FBE-9DFD-C611AC4D9A5D}.Release|Any CPU.ActiveCfg = Release|Any CPU
		{06279697-A903-4FBE-9DFD-C611AC4D9A5D}.Release|Any CPU.Build.0 = Release|Any CPU
	EndGlobalSection
	GlobalSection(NestedProjects) = preSolution
		{F7C9B226-0463-49EC-8FA4-24FA3A796A6B} = {062124C7-C008-4B89-897C-C0DC90F54928}
		{A930E2EF-4F6D-4886-A963-9200F789E949} = {F7C9B226-0463-49EC-8FA4-24FA3A796A6B}
		{4562E40C-9F07-4AA5-8323-E432EC3FBFA3} = {062124C7-C008-4B89-897C-C0DC90F54928}
		{5F29352D-104A-41D4-8F47-7C11CCA5EB69} = {4562E40C-9F07-4AA5-8323-E432EC3FBFA3}
		{1DB1F52E-2AAF-4F32-A543-A3EE4078281F} = {062124C7-C008-4B89-897C-C0DC90F54928}
		{9DC2D4A9-474F-4A30-B881-BE7D7C1D9876} = {1DB1F52E-2AAF-4F32-A543-A3EE4078281F}
		{FAE4EA28-6356-440D-AECD-6E0CF932C5C6} = {4562E40C-9F07-4AA5-8323-E432EC3FBFA3}
		{E6778CD6-38A7-4730-BA8F-77777BDBA52E} = {4562E40C-9F07-4AA5-8323-E432EC3FBFA3}
		{B8B3542E-321B-413A-A428-7C3A2F6A6678} = {4562E40C-9F07-4AA5-8323-E432EC3FBFA3}
		{06279697-A903-4FBE-9DFD-C611AC4D9A5D} = {4562E40C-9F07-4AA5-8323-E432EC3FBFA3}
	EndGlobalSection
EndGlobal
